{
  "name": "amplifyHelloWorld",
  "version": "2.0.0",
  "lockfileVersion": 2,
  "requires": true,
  "packages": {
    "": {
      "name": "amplifyHelloWorld",
      "version": "2.0.0",
      "license": "Apache-2.0",
      "dependencies": {
        "@astrajs/collections": "^0.0.12"
      }
    },
    "node_modules/@astrajs/collections": {
      "version": "0.0.12",
      "resolved": "https://registry.npmjs.org/@astrajs/collections/-/collections-0.0.12.tgz",
      "integrity": "sha512-ewG205Z8Y7n4c0hpkRIBbUukMQrdEZrJvyU5z01uMG6efdPBSR7fln5WOkoqBSw942T1MO54iATL1555bfQgCA==",
      "dependencies": {
        "@astrajs/rest": "^0.0.12",
        "lodash": "^4.17.20"
      }
    },
    "node_modules/@astrajs/rest": {
      "version": "0.0.12",
      "resolved": "https://registry.npmjs.org/@astrajs/rest/-/rest-0.0.12.tgz",
      "integrity": "sha512-TJ5HoV7wJJr+zxHTruY+3bOvM1HX0L3AiZgVe5pD7iUyybiWJinICo5z8vvGvM30jvfnsxUpvJ7DiZf8LohA5g==",
      "dependencies": {
        "axios": "^0.21.1",
        "lodash": "^4.17.20"
      }
    },
    "node_modules/axios": {
      "version": "0.21.1",
      "resolved": "https://registry.npmjs.org/axios/-/axios-0.21.1.tgz",
      "integrity": "sha512-dKQiRHxGD9PPRIUNIWvZhPTPpl1rf/OxTYKsqKUDjBwYylTvV7SjSHJb9ratfyzM6wCdLCOYLzs73qpg5c4iGA==",
      "dependencies": {
        "follow-redirects": "^1.10.0"
      }
    },
    "node_modules/follow-redirects": {
      "version": "1.13.3",
      "resolved": "https://registry.npmjs.org/follow-redirects/-/follow-redirects-1.13.3.tgz",
      "integrity": "sha512-DUgl6+HDzB0iEptNQEXLx/KhTmDb8tZUHSeLqpnjpknR70H0nC2t9N73BK6fN4hOvJ84pKlIQVQ4k5FFlBedKA==",
      "funding": [
        {
          "type": "individual",
          "url": "https://github.com/sponsors/RubenVerborgh"
        }
      ],
      "engines": {
        "node": ">=4.0"
      },
      "peerDependenciesMeta": {
        "debug": {
          "optional": true
        }
      }
    },
    "node_modules/lodash": {
      "version": "4.17.21",
      "resolved": "https://registry.npmjs.org/lodash/-/lodash-4.17.21.tgz",
      "integrity": "sha512-v2kDEe57lecTulaDIuNTPy3Ry4gLGJ6Z1O3vE1krgXZNrsQ+LFTGHVxVjcXPs17LhbZVGedAJv8XZ1tvj5FvSg=="
    }
  },
  "dependencies": {
    "@astrajs/collections": {
      "version": "0.0.12",
      "resolved": "https://registry.npmjs.org/@astrajs/collections/-/collections-0.0.12.tgz",
      "integrity": "sha512-ewG205Z8Y7n4c0hpkRIBbUukMQrdEZrJvyU5z01uMG6efdPBSR7fln5WOkoqBSw942T1MO54iATL1555bfQgCA==",
      "requires": {
        "@astrajs/rest": "^0.0.12",
        "lodash": "^4.17.20"
      }
    },
    "@astrajs/rest": {
      "version": "0.0.12",
      "resolved": "https://registry.npmjs.org/@astrajs/rest/-/rest-0.0.12.tgz",
      "integrity": "sha512-TJ5HoV7wJJr+zxHTruY+3bOvM1HX0L3AiZgVe5pD7iUyybiWJinICo5z8vvGvM30jvfnsxUpvJ7DiZf8LohA5g==",
      "requires": {
        "axios": "^0.21.1",
        "lodash": "^4.17.20"
      }
    },
    "axios": {
      "version": "0.21.1",
      "resolved": "https://registry.npmjs.org/axios/-/axios-0.21.1.tgz",
      "integrity": "sha512-dKQiRHxGD9PPRIUNIWvZhPTPpl1rf/OxTYKsqKUDjBwYylTvV7SjSHJb9ratfyzM6wCdLCOYLzs73qpg5c4iGA==",
      "requires": {
        "follow-redirects": "^1.10.0"
      }
    },
    "follow-redirects": {
      "version": "1.13.3",
      "resolved": "https://registry.npmjs.org/follow-redirects/-/follow-redirects-1.13.3.tgz",
      "integrity": "sha512-DUgl6+HDzB0iEptNQEXLx/KhTmDb8tZUHSeLqpnjpknR70H0nC2t9N73BK6fN4hOvJ84pKlIQVQ4k5FFlBedKA=="
    },
    "lodash": {
      "version": "4.17.21",
      "resolved": "https://registry.npmjs.org/lodash/-/lodash-4.17.21.tgz",
      "integrity": "sha512-v2kDEe57lecTulaDIuNTPy3Ry4gLGJ6Z1O3vE1krgXZNrsQ+LFTGHVxVjcXPs17LhbZVGedAJv8XZ1tvj5FvSg=="
    }
  }
}
